// !$*UTF8*$!
{
	archiveVersion = 1;
	classes = {
	};
	objectVersion = 48;
	objects = {

/* Begin PBXBuildFile section */
		71EBB4DD203BB72D00481331 /* AppDelegate.m in Sources */ = {isa = PBXBuildFile; fileRef = 71EBB4DC203BB72D00481331 /* AppDelegate.m */; };
		71EBB4E0203BB72D00481331 /* ViewController.m in Sources */ = {isa = PBXBuildFile; fileRef = 71EBB4DF203BB72D00481331 /* ViewController.m */; };
		71EBB4E3203BB72D00481331 /* Main.storyboard in Resources */ = {isa = PBXBuildFile; fileRef = 71EBB4E1203BB72D00481331 /* Main.storyboard */; };
		71EBB4E5203BB72D00481331 /* Assets.xcassets in Resources */ = {isa = PBXBuildFile; fileRef = 71EBB4E4203BB72D00481331 /* Assets.xcassets */; };
		71EBB4E8203BB72D00481331 /* LaunchScreen.storyboard in Resources */ = {isa = PBXBuildFile; fileRef = 71EBB4E6203BB72D00481331 /* LaunchScreen.storyboard */; };
		71EBB4EB203BB72D00481331 /* main.m in Sources */ = {isa = PBXBuildFile; fileRef = 71EBB4EA203BB72D00481331 /* main.m */; };
		71EBB4F5203BB72D00481331 /* RAC_____Tests.m in Sources */ = {isa = PBXBuildFile; fileRef = 71EBB4F4203BB72D00481331 /* RAC_____Tests.m */; };
		71EBB500203BB72D00481331 /* RAC_____UITests.m in Sources */ = {isa = PBXBuildFile; fileRef = 71EBB4FF203BB72D00481331 /* RAC_____UITests.m */; };
/* End PBXBuildFile section */

/* Begin PBXContainerItemProxy section */
		71EBB4F1203BB72D00481331 /* PBXContainerItemProxy */ = {
			isa = PBXContainerItemProxy;
			containerPortal = 71EBB4D0203BB72D00481331 /* Project object */;
			proxyType = 1;
			remoteGlobalIDString = 71EBB4D7203BB72D00481331;
			remoteInfo = "RAC的使用练习";
		};
		71EBB4FC203BB72D00481331 /* PBXContainerItemProxy */ = {
			isa = PBXContainerItemProxy;
			containerPortal = 71EBB4D0203BB72D00481331 /* Project object */;
			proxyType = 1;
			remoteGlobalIDString = 71EBB4D7203BB72D00481331;
			remoteInfo = "RAC的使用练习";
		};
/* End PBXContainerItemProxy section */

/* Begin PBXFileReference section */
		71EBB4D8203BB72D00481331 /* RAC的使用练习.app */ = {isa = PBXFileReference; explicitFileType = wrapper.application; includeInIndex = 0; path = "RAC的使用练习.app"; sourceTree = BUILT_PRODUCTS_DIR; };
		71EBB4DB203BB72D00481331 /* AppDelegate.h */ = {isa = PBXFileReference; lastKnownFileType = sourcecode.c.h; path = AppDelegate.h; sourceTree = "<group>"; };
		71EBB4DC203BB72D00481331 /* AppDelegate.m */ = {isa = PBXFileReference; lastKnownFileType = sourcecode.c.objc; path = AppDelegate.m; sourceTree = "<group>"; };
		71EBB4DE203BB72D00481331 /* ViewController.h */ = {isa = PBXFileReference; lastKnownFileType = sourcecode.c.h; path = ViewController.h; sourceTree = "<group>"; };
		71EBB4DF203BB72D00481331 /* ViewController.m */ = {isa = PBXFileReference; lastKnownFileType = sourcecode.c.objc; path = ViewController.m; sourceTree = "<group>"; };
		71EBB4E2203BB72D00481331 /* Base */ = {isa = PBXFileReference; lastKnownFileType = file.storyboard; name = Base; path = Base.lproj/Main.storyboard; sourceTree = "<group>"; };
		71EBB4E4203BB72D00481331 /* Assets.xcassets */ = {isa = PBXFileReference; lastKnownFileType = folder.assetcatalog; path = Assets.xcassets; sourceTree = "<group>"; };
		71EBB4E7203BB72D00481331 /* Base */ = {isa = PBXFileReference; lastKnownFileType = file.storyboard; name = Base; path = Base.lproj/LaunchScreen.storyboard; sourceTree = "<group>"; };
		71EBB4E9203BB72D00481331 /* Info.plist */ = {isa = PBXFileReference; lastKnownFileType = text.plist.xml; path = Info.plist; sourceTree = "<group>"; };
		71EBB4EA203BB72D00481331 /* main.m */ = {isa = PBXFileReference; lastKnownFileType = sourcecode.c.objc; path = main.m; sourceTree = "<group>"; };
		71EBB4F0203BB72D00481331 /* RAC的使用练习Tests.xctest */ = {isa = PBXFileReference; explicitFileType = wrapper.cfbundle; includeInIndex = 0; path = "RAC的使用练习Tests.xctest"; sourceTree = BUILT_PRODUCTS_DIR; };
		71EBB4F4203BB72D00481331 /* RAC_____Tests.m */ = {isa = PBXFileReference; lastKnownFileType = sourcecode.c.objc; path = "RAC_____Tests.m"; sourceTree = "<group>"; };
		71EBB4F6203BB72D00481331 /* Info.plist */ = {isa = PBXFileReference; lastKnownFileType = text.plist.xml; path = Info.plist; sourceTree = "<group>"; };
		71EBB4FB203BB72D00481331 /* RAC的使用练习UITests.xctest */ = {isa = PBXFileReference; explicitFileType = wrapper.cfbundle; includeInIndex = 0; path = "RAC的使用练习UITests.xctest"; sourceTree = BUILT_PRODUCTS_DIR; };
		71EBB4FF203BB72D00481331 /* RAC_____UITests.m */ = {isa = PBXFileReference; lastKnownFileType = sourcecode.c.objc; path = "RAC_____UITests.m"; sourceTree = "<group>"; };
		71EBB501203BB72D00481331 /* Info.plist */ = {isa = PBXFileReference; lastKnownFileType = text.plist.xml; path = Info.plist; sourceTree = "<group>"; };
/* End PBXFileReference section */

/* Begin PBXFrameworksBuildPhase section */
		71EBB4D5203BB72D00481331 /* Frameworks */ = {
			isa = PBXFrameworksBuildPhase;
			buildActionMask = 2147483647;
			files = (
			);
			runOnlyForDeploymentPostprocessing = 0;
		};
		71EBB4ED203BB72D00481331 /* Frameworks */ = {
			isa = PBXFrameworksBuildPhase;
			buildActionMask = 2147483647;
			files = (
			);
			runOnlyForDeploymentPostprocessing = 0;
		};
		71EBB4F8203BB72D00481331 /* Frameworks */ = {
			isa = PBXFrameworksBuildPhase;
			buildActionMask = 2147483647;
			files = (
			);
			runOnlyForDeploymentPostprocessing = 0;
		};
/* End PBXFrameworksBuildPhase section */

/* Begin PBXGroup section */
		71EBB4CF203BB72D00481331 = {
			isa = PBXGroup;
			children = (
				71EBB4DA203BB72D00481331 /* RAC的使用练习 */,
				71EBB4F3203BB72D00481331 /* RAC的使用练习Tests */,
				71EBB4FE203BB72D00481331 /* RAC的使用练习UITests */,
				71EBB4D9203BB72D00481331 /* Products */,
			);
			sourceTree = "<group>";
		};
		71EBB4D9203BB72D00481331 /* Products */ = {
			isa = PBXGroup;
			children = (
				71EBB4D8203BB72D00481331 /* RAC的使用练习.app */,
				71EBB4F0203BB72D00481331 /* RAC的使用练习Tests.xctest */,
				71EBB4FB203BB72D00481331 /* RAC的使用练习UITests.xctest */,
			);
			name = Products;
			sourceTree = "<group>";
		};
		71EBB4DA203BB72D00481331 /* RAC的使用练习 */ = {
			isa = PBXGroup;
			children = (
				71EBB4DB203BB72D00481331 /* AppDelegate.h */,
				71EBB4DC203BB72D00481331 /* AppDelegate.m */,
				71EBB4DE203BB72D00481331 /* ViewController.h */,
				71EBB4DF203BB72D00481331 /* ViewController.m */,
				71EBB4E1203BB72D00481331 /* Main.storyboard */,
				71EBB4E4203BB72D00481331 /* Assets.xcassets */,
				71EBB4E6203BB72D00481331 /* LaunchScreen.storyboard */,
				71EBB4E9203BB72D00481331 /* Info.plist */,
				71EBB4EA203BB72D00481331 /* main.m */,
			);
			path = "RAC的使用练习";
			sourceTree = "<group>";
		};
		71EBB4F3203BB72D00481331 /* RAC的使用练习Tests */ = {
			isa = PBXGroup;
			children = (
				71EBB4F4203BB72D00481331 /* RAC_____Tests.m */,
				71EBB4F6203BB72D00481331 /* Info.plist */,
			);
			path = "RAC的使用练习Tests";
			sourceTree = "<group>";
		};
		71EBB4FE203BB72D00481331 /* RAC的使用练习UITests */ = {
			isa = PBXGroup;
			children = (
				71EBB4FF203BB72D00481331 /* RAC_____UITests.m */,
				71EBB501203BB72D00481331 /* Info.plist */,
			);
			path = "RAC的使用练习UITests";
			sourceTree = "<group>";
		};
/* End PBXGroup section */

/* Begin PBXNativeTarget section */
		71EBB4D7203BB72D00481331 /* RAC的使用练习 */ = {
			isa = PBXNativeTarget;
			buildConfigurationList = 71EBB504203BB72D00481331 /* Build configuration list for PBXNativeTarget "RAC的使用练习" */;
			buildPhases = (
				71EBB4D4203BB72D00481331 /* Sources */,
				71EBB4D5203BB72D00481331 /* Frameworks */,
				71EBB4D6203BB72D00481331 /* Resources */,
			);
			buildRules = (
			);
			dependencies = (
			);
			name = "RAC的使用练习";
			productName = "RAC的使用练习";
			productReference = 71EBB4D8203BB72D00481331 /* RAC的使用练习.app */;
			productType = "com.apple.product-type.application";
		};
		71EBB4EF203BB72D00481331 /* RAC的使用练习Tests */ = {
			isa = PBXNativeTarget;
			buildConfigurationList = 71EBB507203BB72D00481331 /* Build configuration list for PBXNativeTarget "RAC的使用练习Tests" */;
			buildPhases = (
				71EBB4EC203BB72D00481331 /* Sources */,
				71EBB4ED203BB72D00481331 /* Frameworks */,
				71EBB4EE203BB72D00481331 /* Resources */,
			);
			buildRules = (
			);
			dependencies = (
				71EBB4F2203BB72D00481331 /* PBXTargetDependency */,
			);
			name = "RAC的使用练习Tests";
			productName = "RAC的使用练习Tests";
			productReference = 71EBB4F0203BB72D00481331 /* RAC的使用练习Tests.xctest */;
			productType = "com.apple.product-type.bundle.unit-test";
		};
		71EBB4FA203BB72D00481331 /* RAC的使用练习UITests */ = {
			isa = PBXNativeTarget;
			buildConfigurationList = 71EBB50A203BB72D00481331 /* Build configuration list for PBXNativeTarget "RAC的使用练习UITests" */;
			buildPhases = (
				71EBB4F7203BB72D00481331 /* Sources */,
				71EBB4F8203BB72D00481331 /* Frameworks */,
				71EBB4F9203BB72D00481331 /* Resources */,
			);
			buildRules = (
			);
			dependencies = (
				71EBB4FD203BB72D00481331 /* PBXTargetDependency */,
			);
			name = "RAC的使用练习UITests";
			productName = "RAC的使用练习UITests";
			productReference = 71EBB4FB203BB72D00481331 /* RAC的使用练习UITests.xctest */;
			productType = "com.apple.product-type.bundle.ui-testing";
		};
/* End PBXNativeTarget section */

/* Begin PBXProject section */
		71EBB4D0203BB72D00481331 /* Project object */ = {
			isa = PBXProject;
			attributes = {
				LastUpgradeCheck = 0920;
				ORGANIZATIONNAME = "迦南";
				TargetAttributes = {
					71EBB4D7203BB72D00481331 = {
						CreatedOnToolsVersion = 9.2;
						ProvisioningStyle = Automatic;
					};
					71EBB4EF203BB72D00481331 = {
						CreatedOnToolsVersion = 9.2;
						ProvisioningStyle = Automatic;
						TestTargetID = 71EBB4D7203BB72D00481331;
					};
					71EBB4FA203BB72D00481331 = {
						CreatedOnToolsVersion = 9.2;
						ProvisioningStyle = Automatic;
						TestTargetID = 71EBB4D7203BB72D00481331;
					};
				};
			};
			buildConfigurationList = 71EBB4D3203BB72D00481331 /* Build configuration list for PBXProject "RAC的使用练习" */;
			compatibilityVersion = "Xcode 8.0";
			developmentRegion = en;
			hasScannedForEncodings = 0;
			knownRegions = (
				en,
				Base,
			);
			mainGroup = 71EBB4CF203BB72D00481331;
			productRefGroup = 71EBB4D9203BB72D00481331 /* Products */;
			projectDirPath = "";
			projectRoot = "";
			targets = (
				71EBB4D7203BB72D00481331 /* RAC的使用练习 */,
				71EBB4EF203BB72D00481331 /* RAC的使用练习Tests */,
				71EBB4FA203BB72D00481331 /* RAC的使用练习UITests */,
			);
		};
/* End PBXProject section */

/* Begin PBXResourcesBuildPhase section */
		71EBB4D6203BB72D00481331 /* Resources */ = {
			isa = PBXResourcesBuildPhase;
			buildActionMask = 2147483647;
			files = (
				71EBB4E8203BB72D00481331 /* LaunchScreen.storyboard in Resources */,
				71EBB4E5203BB72D00481331 /* Assets.xcassets in Resources */,
				71EBB4E3203BB72D00481331 /* Main.storyboard in Resources */,
			);
			runOnlyForDeploymentPostprocessing = 0;
		};
		71EBB4EE203BB72D00481331 /* Resources */ = {
			isa = PBXResourcesBuildPhase;
			buildActionMask = 2147483647;
			files = (
			);
			runOnlyForDeploymentPostprocessing = 0;
		};
		71EBB4F9203BB72D00481331 /* Resources */ = {
			isa = PBXResourcesBuildPhase;
			buildActionMask = 2147483647;
			files = (
			);
			runOnlyForDeploymentPostprocessing = 0;
		};
/* End PBXResourcesBuildPhase section */

/* Begin PBXSourcesBuildPhase section */
		71EBB4D4203BB72D00481331 /* Sources */ = {
			isa = PBXSourcesBuildPhase;
			buildActionMask = 2147483647;
			files = (
				71EBB4E0203BB72D00481331 /* ViewController.m in Sources */,
				71EBB4EB203BB72D00481331 /* main.m in Sources */,
				71EBB4DD203BB72D00481331 /* AppDelegate.m in Sources */,
			);
			runOnlyForDeploymentPostprocessing = 0;
		};
		71EBB4EC203BB72D00481331 /* Sources */ = {
			isa = PBXSourcesBuildPhase;
			buildActionMask = 2147483647;
			files = (
				71EBB4F5203BB72D00481331 /* RAC_____Tests.m in Sources */,
			);
			runOnlyForDeploymentPostprocessing = 0;
		};
		71EBB4F7203BB72D00481331 /* Sources */ = {
			isa = PBXSourcesBuildPhase;
			buildActionMask = 2147483647;
			files = (
				71EBB500203BB72D00481331 /* RAC_____UITests.m in Sources */,
			);
			runOnlyForDeploymentPostprocessing = 0;
		};
/* End PBXSourcesBuildPhase section */

/* Begin PBXTargetDependency section */
		71EBB4F2203BB72D00481331 /* PBXTargetDependency */ = {
			isa = PBXTargetDependency;
			target = 71EBB4D7203BB72D00481331 /* RAC的使用练习 */;
			targetProxy = 71EBB4F1203BB72D00481331 /* PBXContainerItemProxy */;
		};
		71EBB4FD203BB72D00481331 /* PBXTargetDependency */ = {
			isa = PBXTargetDependency;
			target = 71EBB4D7203BB72D00481331 /* RAC的使用练习 */;
			targetProxy = 71EBB4FC203BB72D00481331 /* PBXContainerItemProxy */;
		};
/* End PBXTargetDependency section */

/* Begin PBXVariantGroup section */
		71EBB4E1203BB72D00481331 /* Main.storyboard */ = {
			isa = PBXVariantGroup;
			children = (
				71EBB4E2203BB72D00481331 /* Base */,
			);
			name = Main.storyboard;
			sourceTree = "<group>";
		};
		71EBB4E6203BB72D00481331 /* LaunchScreen.storyboard */ = {
			isa = PBXVariantGroup;
			children = (
				71EBB4E7203BB72D00481331 /* Base */,
			);
			name = LaunchScreen.storyboard;
			sourceTree = "<group>";
		};
/* End PBXVariantGroup section */

/* Begin XCBuildConfiguration section */
		71EBB502203BB72D00481331 /* Debug */ = {
			isa = XCBuildConfiguration;
			buildSettings = {
				ALWAYS_SEARCH_USER_PATHS = NO;
				CLANG_ANALYZER_NONNULL = YES;
				CLANG_ANALYZER_NUMBER_OBJECT_CONVERSION = YES_AGGRESSIVE;
				CLANG_CXX_LANGUAGE_STANDARD = "gnu++14";
				CLANG_CXX_LIBRARY = "libc++";
				CLANG_ENABLE_MODULES = YES;
				CLANG_ENABLE_OBJC_ARC = YES;
				CLANG_WARN_BLOCK_CAPTURE_AUTORELEASING = YES;
				CLANG_WARN_BOOL_CONVERSION = YES;
				CLANG_WARN_COMMA = YES;
				CLANG_WARN_CONSTANT_CONVERSION = YES;
				CLANG_WARN_DIRECT_OBJC_ISA_USAGE = YES_ERROR;
				CLANG_WARN_DOCUMENTATION_COMMENTS = YES;
				CLANG_WARN_EMPTY_BODY = YES;
				CLANG_WARN_ENUM_CONVERSION = YES;
				CLANG_WARN_INFINITE_RECURSION = YES;
				CLANG_WARN_INT_CONVERSION = YES;
				CLANG_WARN_NON_LITERAL_NULL_CONVERSION = YES;
				CLANG_WARN_OBJC_LITERAL_CONVERSION = YES;
				CLANG_WARN_OBJC_ROOT_CLASS = YES_ERROR;
				CLANG_WARN_RANGE_LOOP_ANALYSIS = YES;
				CLANG_WARN_STRICT_PROTOTYPES = YES;
				CLANG_WARN_SUSPICIOUS_MOVE = YES;
				CLANG_WARN_UNGUARDED_AVAILABILITY = YES_AGGRESSIVE;
				CLANG_WARN_UNREACHABLE_CODE = YES;
				CLANG_WARN__DUPLICATE_METHOD_MATCH = YES;
				CODE_SIGN_IDENTITY = "iPhone Developer";
				COPY_PHASE_STRIP = NO;
				DEBUG_INFORMATION_FORMAT = dwarf;
				ENABLE_STRICT_OBJC_MSGSEND = YES;
				ENABLE_TESTABILITY = YES;
				GCC_C_LANGUAGE_STANDARD = gnu11;
				GCC_DYNAMIC_NO_PIC = NO;
				GCC_NO_COMMON_BLOCKS = YES;
				GCC_OPTIMIZATION_LEVEL = 0;
				GCC_PREPROCESSOR_DEFINITIONS = (
					"DEBUG=1",
					"$(inherited)",
				);
				GCC_WARN_64_TO_32_BIT_CONVERSION = YES;
				GCC_WARN_ABOUT_RETURN_TYPE = YES_ERROR;
				GCC_WARN_UNDECLARED_SELECTOR = YES;
				GCC_WARN_UNINITIALIZED_AUTOS = YES_AGGRESSIVE;
				GCC_WARN_UNUSED_FUNCTION = YES;
				GCC_WARN_UNUSED_VARIABLE = YES;
				IPHONEOS_DEPLOYMENT_TARGET = 11.2;
				MTL_ENABLE_DEBUG_INFO = YES;
				ONLY_ACTIVE_ARCH = YES;
				SDKROOT = iphoneos;
			};
			name = Debug;
		};
		71EBB503203BB72D00481331 /* Release */ = {
			isa = XCBuildConfiguration;
			buildSettings = {
				ALWAYS_SEARCH_USER_PATHS = NO;
				CLANG_ANALYZER_NONNULL = YES;
				CLANG_ANALYZER_NUMBER_OBJECT_CONVERSION = YES_AGGRESSIVE;
				CLANG_CXX_LANGUAGE_STANDARD = "gnu++14";
				CLANG_CXX_LIBRARY = "libc++";
				CLANG_ENABLE_MODULES = YES;
				CLANG_ENABLE_OBJC_ARC = YES;
				CLANG_WARN_BLOCK_CAPTURE_AUTORELEASING = YES;
				CLANG_WARN_BOOL_CONVERSION = YES;
				CLANG_WARN_COMMA = YES;
				CLANG_WARN_CONSTANT_CONVERSION = YES;
				CLANG_WARN_DIRECT_OBJC_ISA_USAGE = YES_ERROR;
				CLANG_WARN_DOCUMENTATION_COMMENTS = YES;
				CLANG_WARN_EMPTY_BODY = YES;
				CLANG_WARN_ENUM_CONVERSION = YES;
				CLANG_WARN_INFINITE_RECURSION = YES;
				CLANG_WARN_INT_CONVERSION = YES;
				CLANG_WARN_NON_LITERAL_NULL_CONVERSION = YES;
				CLANG_WARN_OBJC_LITERAL_CONVERSION = YES;
				CLANG_WARN_OBJC_ROOT_CLASS = YES_ERROR;
				CLANG_WARN_RANGE_LOOP_ANALYSIS = YES;
				CLANG_WARN_STRICT_PROTOTYPES = YES;
				CLANG_WARN_SUSPICIOUS_MOVE = YES;
				CLANG_WARN_UNGUARDED_AVAILABILITY = YES_AGGRESSIVE;
				CLANG_WARN_UNREACHABLE_CODE = YES;
				CLANG_WARN__DUPLICATE_METHOD_MATCH = YES;
				CODE_SIGN_IDENTITY = "iPhone Developer";
				COPY_PHASE_STRIP = NO;
				DEBUG_INFORMATION_FORMAT = "dwarf-with-dsym";
				ENABLE_NS_ASSERTIONS = NO;
				ENABLE_STRICT_OBJC_MSGSEND = YES;
				GCC_C_LANGUAGE_STANDARD = gnu11;
				GCC_NO_COMMON_BLOCKS = YES;
				GCC_WARN_64_TO_32_BIT_CONVERSION = YES;
				GCC_WARN_ABOUT_RETURN_TYPE = YES_ERROR;
				GCC_WARN_UNDECLARED_SELECTOR = YES;
				GCC_WARN_UNINITIALIZED_AUTOS = YES_AGGRESSIVE;
				GCC_WARN_UNUSED_FUNCTION = YES;
				GCC_WARN_UNUSED_VARIABLE = YES;
				IPHONEOS_DEPLOYMENT_TARGET = 11.2;
				MTL_ENABLE_DEBUG_INFO = NO;
				SDKROOT = iphoneos;
				VALIDATE_PRODUCT = YES;
			};
			name = Release;
		};
		71EBB505203BB72D00481331 /* Debug */ = {
			isa = XCBuildConfiguration;
			buildSettings = {
				ASSETCATALOG_COMPILER_APPICON_NAME = AppIcon;
				CODE_SIGN_STYLE = Automatic;
				DEVELOPMENT_TEAM = 6G6VWF999S;
				INFOPLIST_FILE = "RAC的使用练习/Info.plist";
				LD_RUNPATH_SEARCH_PATHS = "$(inherited) @executable_path/Frameworks";
				PRODUCT_BUNDLE_IDENTIFIER = "ray.RAC-----";
				PRODUCT_NAME = "$(TARGET_NAME)";
				TARGETED_DEVICE_FAMILY = "1,2";
			};
			name = Debug;
		};
		71EBB506203BB72D00481331 /* Release */ = {
			isa = XCBuildConfiguration;
			buildSettings = {
				ASSETCATALOG_COMPILER_APPICON_NAME = AppIcon;
				CODE_SIGN_STYLE = Automatic;
				DEVELOPMENT_TEAM = 6G6VWF999S;
				INFOPLIST_FILE = "RAC的使用练习/Info.plist";
				LD_RUNPATH_SEARCH_PATHS = "$(inherited) @executable_path/Frameworks";
				PRODUCT_BUNDLE_IDENTIFIER = "ray.RAC-----";
				PRODUCT_NAME = "$(TARGET_NAME)";
				TARGETED_DEVICE_FAMILY = "1,2";
			};
			name = Release;
		};
		71EBB508203BB72D00481331 /* Debug */ = {
			isa = XCBuildConfiguration;
			buildSettings = {
				BUNDLE_LOADER = "$(TEST_HOST)";
				CODE_SIGN_STYLE = Automatic;
				DEVELOPMENT_TEAM = 6G6VWF999S;
				INFOPLIST_FILE = "RAC的使用练习Tests/Info.plist";
				LD_RUNPATH_SEARCH_PATHS = "$(inherited) @executable_path/Frameworks @loader_path/Frameworks";
				PRODUCT_BUNDLE_IDENTIFIER = "ray.RAC-----Tests";
				PRODUCT_NAME = "$(TARGET_NAME)";
				TARGETED_DEVICE_FAMILY = "1,2";
				TEST_HOST = "$(BUILT_PRODUCTS_DIR)/RAC的使用练习.app/RAC的使用练习";
			};
			name = Debug;
		};
		71EBB509203BB72D00481331 /* Release */ = {
			isa = XCBuildConfiguration;
			buildSettings = {
				BUNDLE_LOADER = "$(TEST_HOST)";
				CODE_SIGN_STYLE = Automatic;
				DEVELOPMENT_TEAM = 6G6VWF999S;
				INFOPLIST_FILE = "RAC的使用练习Tests/Info.plist";
				LD_RUNPATH_SEARCH_PATHS = "$(inherited) @executable_path/Frameworks @loader_path/Frameworks";
				PRODUCT_BUNDLE_IDENTIFIER = "ray.RAC-----Tests";
				PRODUCT_NAME = "$(TARGET_NAME)";
				TARGETED_DEVICE_FAMILY = "1,2";
				TEST_HOST = "$(BUILT_PRODUCTS_DIR)/RAC的使用练习.app/RAC的使用练习";
			};
			name = Release;
		};
		71EBB50B203BB72D00481331 /* Debug */ = {
			isa = XCBuildConfiguration;
			buildSettings = {
				CODE_SIGN_STYLE = Automatic;
				DEVELOPMENT_TEAM = 6G6VWF999S;
				INFOPLIST_FILE = "RAC的使用练习UITests/Info.plist";
				LD_RUNPATH_SEARCH_PATHS = "$(inherited) @executable_path/Frameworks @loader_path/Frameworks";
				PRODUCT_BUNDLE_IDENTIFIER = "ray.RAC-----UITests";
				PRODUCT_NAME = "$(TARGET_NAME)";
				TARGETED_DEVICE_FAMILY = "1,2";
				TEST_TARGET_NAME = "RAC的使用练习";
			};
			name = Debug;
		};
		71EBB50C203BB72D00481331 /* Release */ = {
			isa = XCBuildConfiguration;
			buildSettings = {
				CODE_SIGN_STYLE = Automatic;
				DEVELOPMENT_TEAM = 6G6VWF999S;
				INFOPLIST_FILE = "RAC的使用练习UITests/Info.plist";
				LD_RUNPATH_SEARCH_PATHS = "$(inherited) @executable_path/Frameworks @loader_path/Frameworks";
				PRODUCT_BUNDLE_IDENTIFIER = "ray.RAC-----UITests";
				PRODUCT_NAME = "$(TARGET_NAME)";
				TARGETED_DEVICE_FAMILY = "1,2";
				TEST_TARGET_NAME = "RAC的使用练习";
			};
			name = Release;
		};
/* End XCBuildConfiguration section */

/* Begin XCConfigurationList section */
		71EBB4D3203BB72D00481331 /* Build configuration list for PBXProject "RAC的使用练习" */ = {
			isa = XCConfigurationList;
			buildConfigurations = (
				71EBB502203BB72D00481331 /* Debug */,
				71EBB503203BB72D00481331 /* Release */,
			);
			defaultConfigurationIsVisible = 0;
			defaultConfigurationName = Release;
		};
		71EBB504203BB72D00481331 /* Build configuration list for PBXNativeTarget "RAC的使用练习" */ = {
			isa = XCConfigurationList;
			buildConfigurations = (
				71EBB505203BB72D00481331 /* Debug */,
				71EBB506203BB72D00481331 /* Release */,
			);
			defaultConfigurationIsVisible = 0;
			defaultConfigurationName = Release;
		};
		71EBB507203BB72D00481331 /* Build configuration list for PBXNativeTarget "RAC的使用练习Tests" */ = {
			isa = XCConfigurationList;
			buildConfigurations = (
				71EBB508203BB72D00481331 /* Debug */,
				71EBB509203BB72D00481331 /* Release */,
			);
			defaultConfigurationIsVisible = 0;
			defaultConfigurationName = Release;
		};
		71EBB50A203BB72D00481331 /* Build configuration list for PBXNativeTarget "RAC的使用练习UITests" */ = {
			isa = XCConfigurationList;
			buildConfigurations = (
				71EBB50B203BB72D00481331 /* Debug */,
				71EBB50C203BB72D00481331 /* Release */,
			);
			defaultConfigurationIsVisible = 0;
			defaultConfigurationName = Release;
		};
/* End XCConfigurationList section */
	};
	rootObject = 71EBB4D0203BB72D00481331 /* Project object */;
}
